
Microsoft Visual Studio Solution File, Format Version 12.00
# Visual Studio Version 17
VisualStudioVersion = 17.0.31903.59
MinimumVisualStudioVersion = 10.0.40219.1
Project("{FAE04EC0-301F-11D3-BF4B-00C04F79EFBC}") = "FireSafetyDesigner.Core", "FireSafetyDesigner.Core\FireSafetyDesigner.Core.csproj", "{3456F32E-421A-4A71-B05C-9B1195373DC9}"
EndProject
Project("{FAE04EC0-301F-11D3-BF4B-00C04F79EFBC}") = "FireSafetyDesigner.App", "FireSafetyDesigner.App\FireSafetyDesigner.App.csproj", "{FE91FB31-5A43-4FF6-98FD-0917AB4964F1}"
EndProject
Project("{FAE04EC0-301F-11D3-BF4B-00C04F79EFBC}") = "FireSafetyDesigner.UI", "FireSafetyDesigner.UI\FireSafetyDesigner.UI.csproj", "{8E34737B-8B1D-4A13-BA7D-B327B589E15C}"
EndProject
Project("{FAE04EC0-301F-11D3-BF4B-00C04F79EFBC}") = "FireSafetyDesigner.Tests", "FireSafetyDesigner.Tests\FireSafetyDesigner.Tests.csproj", "{12B5955A-3703-44C6-B458-517A8F087552}"
EndProject
Project("{9789390B-C758-4669-9236-027500200000}") = "FireSafetyDesigner.Setup", "FireSafetyDesigner.Setup\FireSafetyDesigner.Setup.wixproj", "{C7584669-9236-027500200000}"
EndProject
Global
	GlobalSection(SolutionConfigurationPlatforms) = preSolution
		Debug|Any CPU = Debug|Any CPU
		Release|Any CPU = Release|Any CPU
	EndGlobalSection
	GlobalSection(SolutionProperties) = preSolution
		HideSolutionNode = FALSE
	EndGlobalSection
	GlobalSection(ProjectConfigurationPlatforms) = postSolution
		{3456F32E-421A-4A71-B05C-9B1195373DC9}.Debug|Any CPU.ActiveCfg = Debug|Any CPU
		{3456F32E-421A-4A71-B05C-9B1195373DC9}.Debug|Any CPU.Build.0 = Debug|Any CPU
		{3456F32E-421A-4A71-B05C-9B1195373DC9}.Release|Any CPU.ActiveCfg = Release|Any CPU
		{3456F32E-421A-4A71-B05C-9B1195373DC9}.Release|Any CPU.Build.0 = Release|Any CPU
		{FE91FB31-5A43-4FF6-98FD-0917AB4964F1}.Debug|Any CPU.ActiveCfg = Debug|Any CPU
		{FE91FB31-5A43-4FF6-98FD-0917AB4964F1}.Debug|Any CPU.Build.0 = Debug|Any CPU
		{FE91FB31-5A43-4FF6-98FD-0917AB4964F1}.Release|Any CPU.ActiveCfg = Release|Any CPU
		{FE91FB31-5A43-4FF6-98FD-0917AB4964F1}.Release|Any CPU.Build.0 = Release|Any CPU
		{8E34737B-8B1D-4A13-BA7D-B327B589E15C}.Debug|Any CPU.ActiveCfg = Debug|Any CPU
		{8E34737B-8B1D-4A13-BA7D-B327B589E15C}.Debug|Any CPU.Build.0 = Debug|Any CPU
		{8E34737B-8B1D-4A13-BA7D-B327B589E15C}.Release|Any CPU.ActiveCfg = Release|Any CPU
		{8E34737B-8B1D-4A13-BA7D-B327B589E15C}.Release|Any CPU.Build.0 = Release|Any CPU
		{12B5955A-3703-44C6-B458-517A8F087552}.Debug|Any CPU.ActiveCfg = Debug|Any CPU
		{12B5955A-3703-44C6-B458-517A8F087552}.Debug|Any CPU.Build.0 = Debug|Any CPU
		{12B5955A-3703-44C6-B458-517A8F087552}.Release|Any CPU.ActiveCfg = Release|Any CPU
		{12B5955A-3703-44C6-B458-517A8F087552}.Release|Any CPU.Build.0 = Release|Any CPU
		{YOUR-NEW-GUID-HERE}.Debug|Any CPU.ActiveCfg = Debug|Any CPU
		{YOUR-NEW-GUID-HERE}.Debug|Any CPU.Build.0 = Debug|Any CPU
		{YOUR-NEW-GUID-HERE}.Release|Any CPU.ActiveCfg = Release|Any CPU
		{YOUR-NEW-GUID-HERE}.Release|Any CPU.Build.0 = Release|Any CPU
	EndGlobalSection
EndGlobal
